# This file is automatically @generated by Cargo.
# It is not intended for manual editing.
version = 4

[[package]]
name = "cray1-asm"
version = "0.1.0"
dependencies = [
 "cray1-isa",
]

[[package]]
name = "cray1-cli"
version = "0.1.0"
dependencies = [
 "cray1-asm",
 "cray1-isa",
]

[[package]]
name = "cray1-fp"
version = "0.1.0"

[[package]]
name = "cray1-isa"
version = "0.1.0"

[[package]]
name = "cray1-model"
version = "0.1.0"
dependencies = [
 "cray1-asm",
 "cray1-fp",
 "cray1-isa",
]
