# This file is automatically @generated by Cargo.
# It is not intended for manual editing.
version = 4

[[package]]
name = "cray-xmp-asm"
version = "0.1.0"
dependencies = [
 "cray-xmp-isa",
]

[[package]]
name = "cray-xmp-cli"
version = "0.1.0"
dependencies = [
 "cray-xmp-asm",
 "cray-xmp-isa",
]

[[package]]
name = "cray-xmp-fp"
version = "0.1.0"

[[package]]
name = "cray-xmp-ios"
version = "0.1.0"
dependencies = [
 "cray-xmp-model",
]

[[package]]
name = "cray-xmp-isa"
version = "0.1.0"

[[package]]
name = "cray-xmp-model"
version = "0.1.0"
dependencies = [
 "cray-xmp-asm",
 "cray-xmp-fp",
 "cray-xmp-isa",
]
